
Microsoft Visual Studio Solution File, Format Version 12.00
# Visual Studio Version 16
VisualStudioVersion = 16.0.28803.352
MinimumVisualStudioVersion = 10.0.40219.1
Project("{FAE04EC0-301F-11D3-BF4B-00C04F79EFBC}") = "FinalProject", "FinalProject\FinalProject.csproj", "{82EEE43B-77A7-46F3-8B5A-7A75193228C8}"
EndProject
Global
	GlobalSection(SolutionConfigurationPlatforms) = preSolution
		Debug|Any CPU = Debug|Any CPU
		Release|Any CPU = Release|Any CPU
	EndGlobalSection
	GlobalSection(ProjectConfigurationPlatforms) = postSolution
		{82EEE43B-77A7-46F3-8B5A-7A75193228C8}.Debug|Any CPU.ActiveCfg = Debug|Any CPU
		{82EEE43B-77A7-46F3-8B5A-7A75193228C8}.Debug|Any CPU.Build.0 = Debug|Any CPU
		{82EEE43B-77A7-46F3-8B5A-7A75193228C8}.Release|Any CPU.ActiveCfg = Release|Any CPU
		{82EEE43B-77A7-46F3-8B5A-7A75193228C8}.Release|Any CPU.Build.0 = Release|Any CPU
	EndGlobalSection
	GlobalSection(SolutionProperties) = preSolution
		HideSolutionNode = FALSE
	EndGlobalSection
	GlobalSection(ExtensibilityGlobals) = postSolution
		SolutionGuid = {59CED1C3-39D9-4097-B86F-C15E311BF02F}
	EndGlobalSection
EndGlobal
